<Solution>
  <Configurations>
    <Platform Name="x64" />
    <Platform Name="x86" />
  </Configurations>
  <Project Path="../../../../../../OneDrive - University of Edinburgh/Semester 2/Audio Programming/C++/LearnC++/Debugging/Debugging.vcxproj" Id="1b3de8b1-0353-44e7-93ca-8d08959a03be" />
</Solution>
